{
  "pins" : [
    {
      "identity" : "swift-cwinrt",
      "kind" : "remoteSourceControl",
      "location" : "https://github.com/thebrowsercompany/swift-cwinrt",
      "state" : {
        "branch" : "main",
        "revision" : "ad451d31fc7c1c60041c146d177cdaf5aaf1cf47"
      }
    },
    {
      "identity" : "swift-uwp",
      "kind" : "remoteSourceControl",
      "location" : "https://github.com/thebrowsercompany/swift-uwp",
      "state" : {
        "branch" : "main",
        "revision" : "cfad0a43469211bf7eb58ed23af3d4a176faec07"
      }
    },
    {
      "identity" : "swift-windowsappsdk",
      "kind" : "remoteSourceControl",
      "location" : "https://github.com/thebrowsercompany/swift-windowsappsdk",
      "state" : {
        "branch" : "main",
        "revision" : "518113b422d96aabf91d5a087b19c81d5650178f"
      }
    },
    {
      "identity" : "swift-windowsfoundation",
      "kind" : "remoteSourceControl",
      "location" : "https://github.com/thebrowsercompany/swift-windowsfoundation",
      "state" : {
        "branch" : "main",
        "revision" : "ba7a8b5000ed3f9f077000d1a31f2a0b19907657"
      }
    },
    {
      "identity" : "swift-winui",
      "kind" : "remoteSourceControl",
      "location" : "https://github.com/thebrowsercompany/swift-winui",
      "state" : {
        "branch" : "main",
        "revision" : "e2d352467ba4fc7dd49f63d90edb17de4f62994d"
      }
    }
  ],
  "version" : 2
}